%{
  "cmark": {:hex, :cmark, "0.10.0", "51217dc90fec459f34a30ea73345e6a7c1d2f3d618cb4a1738a2ebd0697a57a0", [:make, :mix], [{:elixir_make, "~> 0.6", [hex: :elixir_make, repo: "hexpm", optional: false]}], "hexpm", "00abeadc6f3176e3941853122413082de95d57787777dd0400d64e568acf7c32"},
  "elixir_make": {:hex, :elixir_make, "0.6.2", "7dffacd77dec4c37b39af867cedaabb0b59f6a871f89722c25b28fcd4bd70530", [:mix], [], "hexpm", "03e49eadda22526a7e5279d53321d1cced6552f344ba4e03e619063de75348d9"},
}
